{
  "nodes": {
    "flake-utils": {
      "inputs": {
        "systems": "systems"
      },
      "locked": {
        "lastModified": 1731533236,
        "narHash": "sha256-l0KFg5HjrsfsO/JpG+r7fRrqm12kzFHyUHqHCVpMMbI=",
        "owner": "numtide",
        "repo": "flake-utils",
        "rev": "11707dc2f618dd54ca8739b309ec4fc024de578b",
        "type": "github"
      },
      "original": {
        "owner": "numtide",
        "repo": "flake-utils",
        "type": "github"
      }
    },
    "merlin": {
      "flake": false,
      "locked": {
        "lastModified": 1788874906,
        "narHash": "sha256-vhVA45nss4NIcWhslZrd2R8r5ALRZfSAm44uO3nIyoY=",
        "owner": "ocaml",
        "repo": "merlin",
        "rev": "c823a8cc9aade50d38e1e9757023284bd0bfae22",
        "type": "github"
      },
      "original": {
        "owner": "ocaml",
        "repo": "merlin",
        "type": "github"
      }
    },
    "nixpkgs": {
      "locked": {
        "lastModified": 1789256428,
        "narHash": "sha256-RftXolPrSQXAOj7LmV+hcdtSUR3A9EBVxjWreZOkzIY=",
        "owner": "NixOS",
        "repo": "nixpkgs",
        "rev": "6b287169f0ef55afd878ab039f1e9df52a8f81de",
        "type": "github"
      },
      "original": {
        "owner": "NixOS",
        "repo": "nixpkgs",
        "type": "github"
      }
    },
    "ocaml-overlays": {
      "inputs": {
        "nixpkgs": [
          "nixpkgs"
        ]
      },
      "locked": {
        "lastModified": 1789197791,
        "narHash": "sha256-SMirdR3FJuYLsU1FJa08rtiLKt2EYGz1M+mhgeZIOvI=",
        "owner": "nix-ocaml",
        "repo": "nix-overlays",
        "rev": "d8a2aab3af30e572bf06a5172e786179f2a1c180",
        "type": "github"
      },
      "original": {
        "owner": "nix-ocaml",
        "repo": "nix-overlays",
        "type": "github"
      }
    },
    "root": {
      "inputs": {
        "flake-utils": "flake-utils",
        "merlin": "merlin",
        "nixpkgs": "nixpkgs",
        "ocaml-overlays": "ocaml-overlays"
      }
    },
    "systems": {
      "locked": {
        "lastModified": 1681028828,
        "narHash": "sha256-Vy1rq5AaRuLzOxct8nz4T6wlgyUR7zLU309k9mBC768=",
        "owner": "nix-systems",
        "repo": "default",
        "rev": "da67096a3b9bf56a91d16901293e51ba5b49a27e",
        "type": "github"
      },
      "original": {
        "owner": "nix-systems",
        "repo": "default",
        "type": "github"
      }
    }
  },
  "root": "root",
  "version": 7
}
