{
  "nodes": {
    "flake-utils": {
      "inputs": {
        "systems": "systems"
      },
      "locked": {
        "lastModified": 1731533236,
        "narHash": "sha256-l0KFg5HjrsfsO/JpG+r7fRrqm12kzFHyUHqHCVpMMbI=",
        "owner": "numtide",
        "repo": "flake-utils",
        "rev": "11707dc2f618dd54ca8739b309ec4fc024de578b",
        "type": "github"
      },
      "original": {
        "owner": "numtide",
        "repo": "flake-utils",
        "type": "github"
      }
    },
    "merlin": {
      "flake": false,
      "locked": {
        "lastModified": 1787035604,
        "narHash": "sha256-lI+yp1/rInM5BHY08siHlzUiuF83GDjU8GCHjBwEWlY=",
        "owner": "ocaml",
        "repo": "merlin",
        "rev": "0692ff3ecd3a9f0789abd0340648e6c3c7c8adfe",
        "type": "github"
      },
      "original": {
        "owner": "ocaml",
        "repo": "merlin",
        "type": "github"
      }
    },
    "nixpkgs": {
      "locked": {
        "lastModified": 1788652442,
        "narHash": "sha256-7CySjNtDGxdMWjIDZNHZeWarNgnEGyXSeJwdwS+na3Y=",
        "owner": "NixOS",
        "repo": "nixpkgs",
        "rev": "f5f41d5cdfadcfedb240dcaf7ab67770e8ac423c",
        "type": "github"
      },
      "original": {
        "owner": "NixOS",
        "repo": "nixpkgs",
        "type": "github"
      }
    },
    "ocaml-overlays": {
      "inputs": {
        "nixpkgs": [
          "nixpkgs"
        ]
      },
      "locked": {
        "lastModified": 1788630240,
        "narHash": "sha256-brnQqgNJhrPlmH1rUK58vFHTv0B5whc3+czzV4kdW/s=",
        "owner": "nix-ocaml",
        "repo": "nix-overlays",
        "rev": "d10fa5231ea411ff0aae4bbe90c01e3bdcdc9d36",
        "type": "github"
      },
      "original": {
        "owner": "nix-ocaml",
        "repo": "nix-overlays",
        "type": "github"
      }
    },
    "root": {
      "inputs": {
        "flake-utils": "flake-utils",
        "merlin": "merlin",
        "nixpkgs": "nixpkgs",
        "ocaml-overlays": "ocaml-overlays"
      }
    },
    "systems": {
      "locked": {
        "lastModified": 1681028828,
        "narHash": "sha256-Vy1rq5AaRuLzOxct8nz4T6wlgyUR7zLU309k9mBC768=",
        "owner": "nix-systems",
        "repo": "default",
        "rev": "da67096a3b9bf56a91d16901293e51ba5b49a27e",
        "type": "github"
      },
      "original": {
        "owner": "nix-systems",
        "repo": "default",
        "type": "github"
      }
    }
  },
  "root": "root",
  "version": 7
}
