{
  "nodes": {
    "flake-utils": {
      "inputs": {
        "systems": "systems"
      },
      "locked": {
        "lastModified": 1731533236,
        "narHash": "sha256-l0KFg5HjrsfsO/JpG+r7fRrqm12kzFHyUHqHCVpMMbI=",
        "owner": "numtide",
        "repo": "flake-utils",
        "rev": "11707dc2f618dd54ca8739b309ec4fc024de578b",
        "type": "github"
      },
      "original": {
        "owner": "numtide",
        "repo": "flake-utils",
        "type": "github"
      }
    },
    "merlin5_1": {
      "flake": false,
      "locked": {
        "lastModified": 1727427299,
        "narHash": "sha256-P9+3BPBWrulS/1r03CqMdicFcgEcLK1Gy7pCAcYt3n4=",
        "owner": "ocaml",
        "repo": "merlin",
        "rev": "650a7865bc37a646250f7c52fa6644d9d4a5218b",
        "type": "github"
      },
      "original": {
        "owner": "ocaml",
        "ref": "501",
        "repo": "merlin",
        "type": "github"
      }
    },
    "merlin5_2": {
      "flake": false,
      "locked": {
        "lastModified": 1740054748,
        "narHash": "sha256-Voq+BpZ/masjegu99l2oezwIW37qUdtjXmTsWcCfkzg=",
        "owner": "ocaml",
        "repo": "merlin",
        "rev": "92c3ba9473bddb56710bb693338d0a448bc1502a",
        "type": "github"
      },
      "original": {
        "owner": "ocaml",
        "ref": "main",
        "repo": "merlin",
        "type": "github"
      }
    },
    "nixpkgs": {
      "inputs": {
        "nixpkgs": "nixpkgs_2"
      },
      "locked": {
        "lastModified": 1740267746,
        "narHash": "sha256-Naa3SwexnbUr1UBho4STLuTy35MN+3t390j9qehRHJ8=",
        "owner": "nix-ocaml",
        "repo": "nix-overlays",
        "rev": "f48bd6fceb33aae56cf6988f228c24b0390a5175",
        "type": "github"
      },
      "original": {
        "owner": "nix-ocaml",
        "repo": "nix-overlays",
        "type": "github"
      }
    },
    "nixpkgs_2": {
      "locked": {
        "lastModified": 1740215764,
        "narHash": "sha256-wzBbGGZ6i1VVBA/cDJaLfuuGYCUriD7fwsLgJJHRVRk=",
        "owner": "NixOS",
        "repo": "nixpkgs",
        "rev": "8465e233b0668cf162c608a92e62e8d78c1ba7e4",
        "type": "github"
      },
      "original": {
        "owner": "NixOS",
        "repo": "nixpkgs",
        "rev": "8465e233b0668cf162c608a92e62e8d78c1ba7e4",
        "type": "github"
      }
    },
    "root": {
      "inputs": {
        "flake-utils": "flake-utils",
        "merlin5_1": "merlin5_1",
        "merlin5_2": "merlin5_2",
        "nixpkgs": "nixpkgs"
      }
    },
    "systems": {
      "locked": {
        "lastModified": 1681028828,
        "narHash": "sha256-Vy1rq5AaRuLzOxct8nz4T6wlgyUR7zLU309k9mBC768=",
        "owner": "nix-systems",
        "repo": "default",
        "rev": "da67096a3b9bf56a91d16901293e51ba5b49a27e",
        "type": "github"
      },
      "original": {
        "owner": "nix-systems",
        "repo": "default",
        "type": "github"
      }
    }
  },
  "root": "root",
  "version": 7
}
